
Microsoft Visual Studio Solution File, Format Version 12.00
# Visual Studio Version 17
VisualStudioVersion = 17.9.34728.123
MinimumVisualStudioVersion = 10.0.40219.1
Project("{FAE04EC0-301F-11D3-BF4B-00C04F79EFBC}") = "UserManagement.Api", "UserManagement.Api\UserManagement.Api.csproj", "{F14B743F-6392-4995-AB1E-67BEF0165562}"
EndProject
Project("{FAE04EC0-301F-11D3-BF4B-00C04F79EFBC}") = "UserManagement.Services", "UserManagement.Services\UserManagement.Services.csproj", "{6D809B23-DBE5-453D-A950-5BE71C16501F}"
EndProject
Project("{FAE04EC0-301F-11D3-BF4B-00C04F79EFBC}") = "UserManagement.Repositories", "UserManagement.Repositories\UserManagement.Repositories.csproj", "{735E8CDE-5B6B-46BB-B752-1C6AC27E5423}"
EndProject
Project("{FAE04EC0-301F-11D3-BF4B-00C04F79EFBC}") = "UserManagement.Data", "UserManagement.Data\UserManagement.Data.csproj", "{3270F136-E645-4914-8F40-2853F5800BD4}"
EndProject
Project("{FAE04EC0-301F-11D3-BF4B-00C04F79EFBC}") = "UserManagement.Common", "UserManagement.Common\UserManagement.Common.csproj", "{02D05140-24ED-48F7-A5F5-202BDCE9C913}"
EndProject
Global
	GlobalSection(SolutionConfigurationPlatforms) = preSolution
		Debug|Any CPU = Debug|Any CPU
		Release|Any CPU = Release|Any CPU
	EndGlobalSection
	GlobalSection(ProjectConfigurationPlatforms) = postSolution
		{F14B743F-6392-4995-AB1E-67BEF0165562}.Debug|Any CPU.ActiveCfg = Debug|Any CPU
		{F14B743F-6392-4995-AB1E-67BEF0165562}.Debug|Any CPU.Build.0 = Debug|Any CPU
		{F14B743F-6392-4995-AB1E-67BEF0165562}.Release|Any CPU.ActiveCfg = Release|Any CPU
		{F14B743F-6392-4995-AB1E-67BEF0165562}.Release|Any CPU.Build.0 = Release|Any CPU
		{6D809B23-DBE5-453D-A950-5BE71C16501F}.Debug|Any CPU.ActiveCfg = Debug|Any CPU
		{6D809B23-DBE5-453D-A950-5BE71C16501F}.Debug|Any CPU.Build.0 = Debug|Any CPU
		{6D809B23-DBE5-453D-A950-5BE71C16501F}.Release|Any CPU.ActiveCfg = Release|Any CPU
		{6D809B23-DBE5-453D-A950-5BE71C16501F}.Release|Any CPU.Build.0 = Release|Any CPU
		{735E8CDE-5B6B-46BB-B752-1C6AC27E5423}.Debug|Any CPU.ActiveCfg = Debug|Any CPU
		{735E8CDE-5B6B-46BB-B752-1C6AC27E5423}.Debug|Any CPU.Build.0 = Debug|Any CPU
		{735E8CDE-5B6B-46BB-B752-1C6AC27E5423}.Release|Any CPU.ActiveCfg = Release|Any CPU
		{735E8CDE-5B6B-46BB-B752-1C6AC27E5423}.Release|Any CPU.Build.0 = Release|Any CPU
		{3270F136-E645-4914-8F40-2853F5800BD4}.Debug|Any CPU.ActiveCfg = Debug|Any CPU
		{3270F136-E645-4914-8F40-2853F5800BD4}.Debug|Any CPU.Build.0 = Debug|Any CPU
		{3270F136-E645-4914-8F40-2853F5800BD4}.Release|Any CPU.ActiveCfg = Release|Any CPU
		{3270F136-E645-4914-8F40-2853F5800BD4}.Release|Any CPU.Build.0 = Release|Any CPU
		{02D05140-24ED-48F7-A5F5-202BDCE9C913}.Debug|Any CPU.ActiveCfg = Debug|Any CPU
		{02D05140-24ED-48F7-A5F5-202BDCE9C913}.Debug|Any CPU.Build.0 = Debug|Any CPU
		{02D05140-24ED-48F7-A5F5-202BDCE9C913}.Release|Any CPU.ActiveCfg = Release|Any CPU
		{02D05140-24ED-48F7-A5F5-202BDCE9C913}.Release|Any CPU.Build.0 = Release|Any CPU
	EndGlobalSection
	GlobalSection(SolutionProperties) = preSolution
		HideSolutionNode = FALSE
	EndGlobalSection
	GlobalSection(ExtensibilityGlobals) = postSolution
		SolutionGuid = {F6CFA9BF-FFEE-47EE-8F3E-E53894D9412E}
	EndGlobalSection
EndGlobal
